
Microsoft Visual Studio Solution File, Format Version 12.00
# Visual Studio Version 17
VisualStudioVersion = 17.0.31903.59
MinimumVisualStudioVersion = 10.0.40219.1
Project("{9A19103F-16F7-4668-BE54-9A1E7A4F7556}") = "AllDataSearch", "AllDataSearch\AllDataSearch.csproj", "{5F817400-1A3A-48DF-98A6-E7E5A3DC762F}"
EndProject
Project("{9A19103F-16F7-4668-BE54-9A1E7A4F7556}") = "AllDataSearch.ServiceInterface", "AllDataSearch.ServiceInterface\AllDataSearch.ServiceInterface.csproj", "{5B8FFF01-1E0B-477D-9D7F-93016C128B23}"
EndProject
Project("{9A19103F-16F7-4668-BE54-9A1E7A4F7556}") = "AllDataSearch.ServiceModel", "AllDataSearch.ServiceModel\AllDataSearch.ServiceModel.csproj", "{0127B6CA-1B79-46A6-8307-B36836D107F0}"
EndProject
Project("{9A19103F-16F7-4668-BE54-9A1E7A4F7556}") = "AllDataSearch.Tests", "AllDataSearch.Tests\AllDataSearch.Tests.csproj", "{455EC1EF-134F-4CD4-9C78-E813E4E6D8F6}"
EndProject
Project("{FAE04EC0-301F-11D3-BF4B-00C04F79EFBC}") = "AllDataSearch.StackOverflow", "AllDataSearch.StackOverflow\AllDataSearch.StackOverflow.csproj", "{7D0E0538-8D45-4FA5-985A-0AAB68736567}"
EndProject
Project("{FAE04EC0-301F-11D3-BF4B-00C04F79EFBC}") = "AllDataSearch.StackOverflow.Tests", "AllDataSearch.StackOverflow.Tests\AllDataSearch.StackOverflow.Tests.csproj", "{D36A776F-0DB8-474B-9F11-DC88F8DDA4D8}"
EndProject
Global
	GlobalSection(SolutionConfigurationPlatforms) = preSolution
		Debug|Any CPU = Debug|Any CPU
		Release|Any CPU = Release|Any CPU
	EndGlobalSection
	GlobalSection(ProjectConfigurationPlatforms) = postSolution
		{5F817400-1A3A-48DF-98A6-E7E5A3DC762F}.Debug|Any CPU.ActiveCfg = Debug|Any CPU
		{5F817400-1A3A-48DF-98A6-E7E5A3DC762F}.Debug|Any CPU.Build.0 = Debug|Any CPU
		{5F817400-1A3A-48DF-98A6-E7E5A3DC762F}.Release|Any CPU.ActiveCfg = Release|Any CPU
		{5F817400-1A3A-48DF-98A6-E7E5A3DC762F}.Release|Any CPU.Build.0 = Release|Any CPU
		{5B8FFF01-1E0B-477D-9D7F-93016C128B23}.Debug|Any CPU.ActiveCfg = Debug|Any CPU
		{5B8FFF01-1E0B-477D-9D7F-93016C128B23}.Debug|Any CPU.Build.0 = Debug|Any CPU
		{5B8FFF01-1E0B-477D-9D7F-93016C128B23}.Release|Any CPU.ActiveCfg = Release|Any CPU
		{5B8FFF01-1E0B-477D-9D7F-93016C128B23}.Release|Any CPU.Build.0 = Release|Any CPU
		{0127B6CA-1B79-46A6-8307-B36836D107F0}.Debug|Any CPU.ActiveCfg = Debug|Any CPU
		{0127B6CA-1B79-46A6-8307-B36836D107F0}.Debug|Any CPU.Build.0 = Debug|Any CPU
		{0127B6CA-1B79-46A6-8307-B36836D107F0}.Release|Any CPU.ActiveCfg = Release|Any CPU
		{0127B6CA-1B79-46A6-8307-B36836D107F0}.Release|Any CPU.Build.0 = Release|Any CPU
		{455EC1EF-134F-4CD4-9C78-E813E4E6D8F6}.Debug|Any CPU.ActiveCfg = Debug|Any CPU
		{455EC1EF-134F-4CD4-9C78-E813E4E6D8F6}.Debug|Any CPU.Build.0 = Debug|Any CPU
		{455EC1EF-134F-4CD4-9C78-E813E4E6D8F6}.Release|Any CPU.ActiveCfg = Release|Any CPU
		{455EC1EF-134F-4CD4-9C78-E813E4E6D8F6}.Release|Any CPU.Build.0 = Release|Any CPU
		{7D0E0538-8D45-4FA5-985A-0AAB68736567}.Debug|Any CPU.ActiveCfg = Debug|Any CPU
		{7D0E0538-8D45-4FA5-985A-0AAB68736567}.Debug|Any CPU.Build.0 = Debug|Any CPU
		{7D0E0538-8D45-4FA5-985A-0AAB68736567}.Release|Any CPU.ActiveCfg = Release|Any CPU
		{7D0E0538-8D45-4FA5-985A-0AAB68736567}.Release|Any CPU.Build.0 = Release|Any CPU
		{D36A776F-0DB8-474B-9F11-DC88F8DDA4D8}.Debug|Any CPU.ActiveCfg = Debug|Any CPU
		{D36A776F-0DB8-474B-9F11-DC88F8DDA4D8}.Debug|Any CPU.Build.0 = Debug|Any CPU
		{D36A776F-0DB8-474B-9F11-DC88F8DDA4D8}.Release|Any CPU.ActiveCfg = Release|Any CPU
		{D36A776F-0DB8-474B-9F11-DC88F8DDA4D8}.Release|Any CPU.Build.0 = Release|Any CPU
	EndGlobalSection
	GlobalSection(SolutionProperties) = preSolution
		HideSolutionNode = FALSE
	EndGlobalSection
	GlobalSection(ExtensibilityGlobals) = postSolution
		SolutionGuid = {02854F2A-8EF4-468E-80A3-CD64BBAF5D15}
	EndGlobalSection
EndGlobal
