Microsoft Visual Studio Solution File, Format Version 12.00
# Visual Studio Version 17
VisualStudioVersion = 17.8.0.0
MinimumVisualStudioVersion = 17.8.0.0
Project("{9A19103F-16F7-4668-BE54-9A1E7A4F7556}") = "AllUsefulInformationSearch.AppHost", "AllUsefulInformationSearch.AppHost\AllUsefulInformationSearch.AppHost.csproj", "{0B78E218-8E47-4EE8-98A9-8F3B404F6132}"
EndProject
Project("{9A19103F-16F7-4668-BE54-9A1E7A4F7556}") = "AllUsefulInformationSearch.ServiceDefaults", "AllUsefulInformationSearch.ServiceDefaults\AllUsefulInformationSearch.ServiceDefaults.csproj", "{AADD3310-959C-4B33-8DA7-882015EC3650}"
EndProject
Project("{9A19103F-16F7-4668-BE54-9A1E7A4F7556}") = "AllUsefulInformationSearch.ApiService", "AllUsefulInformationSearch.ApiService\AllUsefulInformationSearch.ApiService.csproj", "{CEB7BA3C-642F-497E-823E-C26DB76F43A2}"
EndProject
Project("{9A19103F-16F7-4668-BE54-9A1E7A4F7556}") = "AllUsefulInformationSearch.Web", "AllUsefulInformationSearch.Web\AllUsefulInformationSearch.Web.csproj", "{D2CB834C-BEE5-4102-86F0-5154E16F24B7}"
EndProject
Project("{9A19103F-16F7-4668-BE54-9A1E7A4F7556}") = "AllUsefulInformationSearch.Tests.Common", "AllUsefulInformationSearch.Tests.Common\AllUsefulInformationSearch.Tests.Common.csproj", "{130F2BA9-6736-41CD-A833-B05B7F9BAB74}"
EndProject
Project("{9A19103F-16F7-4668-BE54-9A1E7A4F7556}") = "AllUsefulInformationSearch.Common", "AllUsefulInformationSearch.Common\AllUsefulInformationSearch.Common.csproj", "{43AD104A-D72E-4444-9F13-B76F20A99C1A}"
EndProject
Project("{2150E333-8FDC-42A3-9474-1A3956D46DE8}") = "Solution Items", "Solution Items", "{9956BC62-77B8-454E-9E68-B1C41A21C6DB}"
EndProject
Project("{2150E333-8FDC-42A3-9474-1A3956D46DE8}") = "InformationProviders", "InformationProviders", "{423D2101-ED0E-49E4-AFAF-2AB958BB5F5A}"
EndProject
Project("{2150E333-8FDC-42A3-9474-1A3956D46DE8}") = "StackOverflow", "StackOverflow", "{8D894C72-1DAB-44C9-88FD-915F98696E7D}"
	ProjectSection(SolutionItems) = preProject
		InformationProviders\StackOverflow\README.md = InformationProviders\StackOverflow\README.md
	EndProjectSection
EndProject
Project("{9A19103F-16F7-4668-BE54-9A1E7A4F7556}") = "AllUsefulInformationSearch.StackOverflow.DataAccess", "InformationProviders\StackOverflow\AllUsefulInformationSearch.StackOverflow.DataAccess\AllUsefulInformationSearch.StackOverflow.DataAccess.csproj", "{16FEB06D-932D-4854-AD2A-4D661CE2A902}"
EndProject
Project("{9A19103F-16F7-4668-BE54-9A1E7A4F7556}") = "AllUsefulInformationSearch.StackOverflow.DatabaseMigrations", "InformationProviders\StackOverflow\AllUsefulInformationSearch.StackOverflow.DatabaseMigrations\AllUsefulInformationSearch.StackOverflow.DatabaseMigrations.csproj", "{77044295-DB46-4F2E-801D-7068B589E53B}"
EndProject
Project("{9A19103F-16F7-4668-BE54-9A1E7A4F7556}") = "AllUsefulInformationSearch.StackOverflow.Tests", "InformationProviders\StackOverflow\AllUsefulInformationSearch.StackOverflow.Tests\AllUsefulInformationSearch.StackOverflow.Tests.csproj", "{F7383F64-619C-4F8A-B7E8-B29DF0535BEF}"
EndProject
Project("{FAE04EC0-301F-11D3-BF4B-00C04F79EFBC}") = "AllUsefulInformationSearch.StackOverflow.Workflows", "InformationProviders\StackOverflow\AllUsefulInformationSearch.StackOverflow.Workflows\AllUsefulInformationSearch.StackOverflow.Workflows.csproj", "{08326D35-0B7B-48A0-9D45-5C4AAA10484B}"
EndProject
Project("{FAE04EC0-301F-11D3-BF4B-00C04F79EFBC}") = "AllUsefulInformationSearch.DatabaseMigrations", "AllUsefulInformationSearch.DatabaseMigrations\AllUsefulInformationSearch.DatabaseMigrations.csproj", "{81C97ACF-1364-4766-A00E-F202C03477D5}"
EndProject
Project("{FAE04EC0-301F-11D3-BF4B-00C04F79EFBC}") = "AllUsefulInformationSearch.StackOverflow.Services", "InformationProviders\StackOverflow\AllUsefulInformationSearch.StackOverflow.Services\AllUsefulInformationSearch.StackOverflow.Services.csproj", "{808CDC5E-EE56-46E4-9B58-E99CAB8B7D7D}"
EndProject
Project("{FAE04EC0-301F-11D3-BF4B-00C04F79EFBC}") = "AllUsefulInformationSearch.StackOverflow.Models", "InformationProviders\StackOverflow\AllUsefulInformationSearch.StackOverflow.Models\AllUsefulInformationSearch.StackOverflow.Models.csproj", "{B754F6DB-2F89-4A29-9E50-C4A179D3BBF9}"
EndProject
Project("{FAE04EC0-301F-11D3-BF4B-00C04F79EFBC}") = "AllUsefulInformationSearch.Models", "AllUsefulInformationSearch.Models\AllUsefulInformationSearch.Models.csproj", "{A24D292B-E10D-4E16-A523-D155E610171E}"
EndProject
Project("{FAE04EC0-301F-11D3-BF4B-00C04F79EFBC}") = "AllUsefulInformationSearch.DataAccess", "AllUsefulInformationSearch.DataAccess\AllUsefulInformationSearch.DataAccess.csproj", "{E1C06C25-CED6-4764-9939-29AC69795F4D}"
EndProject
Project("{FAE04EC0-301F-11D3-BF4B-00C04F79EFBC}") = "AllUsefulInformationSearch.StackOverflow.App", "InformationProviders\StackOverflow\AllUsefulInformationSearch.StackOverflow.App\AllUsefulInformationSearch.StackOverflow.App.csproj", "{BDD99306-99B6-4A15-8A8C-EFA83B8A09DE}"
EndProject
Project("{FAE04EC0-301F-11D3-BF4B-00C04F79EFBC}") = "AllUsefulInformationSearch.StackOverflow.ProcessingApp", "InformationProviders\StackOverflow\AllUsefulInformationSearch.StackOverflow.ProcessingApp\AllUsefulInformationSearch.StackOverflow.ProcessingApp.csproj", "{82E6C5C2-0D72-415B-B3F3-C10B0EB5FD74}"
EndProject
Project("{FAE04EC0-301F-11D3-BF4B-00C04F79EFBC}") = "AllUsefulInformationSearch.StackOverflow.WebApi", "InformationProviders\StackOverflow\AllUsefulInformationSearch.StackOverflow.WebApi\AllUsefulInformationSearch.StackOverflow.WebApi.csproj", "{274ED6C4-4885-4026-9474-51BF7719BEB0}"
EndProject
Project("{FAE04EC0-301F-11D3-BF4B-00C04F79EFBC}") = "AllUsefulInformationSearch.FileUtility", "AllUsefulInformationSearch.FileUtility\AllUsefulInformationSearch.FileUtility.csproj", "{0D296D73-0C50-48AC-A216-C8C6942DA589}"
EndProject
Global
	GlobalSection(SolutionConfigurationPlatforms) = preSolution
		Debug|Any CPU = Debug|Any CPU
		Release|Any CPU = Release|Any CPU
	EndGlobalSection
	GlobalSection(ProjectConfigurationPlatforms) = postSolution
		{0B78E218-8E47-4EE8-98A9-8F3B404F6132}.Debug|Any CPU.ActiveCfg = Debug|Any CPU
		{0B78E218-8E47-4EE8-98A9-8F3B404F6132}.Debug|Any CPU.Build.0 = Debug|Any CPU
		{0B78E218-8E47-4EE8-98A9-8F3B404F6132}.Release|Any CPU.ActiveCfg = Release|Any CPU
		{0B78E218-8E47-4EE8-98A9-8F3B404F6132}.Release|Any CPU.Build.0 = Release|Any CPU
		{AADD3310-959C-4B33-8DA7-882015EC3650}.Debug|Any CPU.ActiveCfg = Debug|Any CPU
		{AADD3310-959C-4B33-8DA7-882015EC3650}.Debug|Any CPU.Build.0 = Debug|Any CPU
		{AADD3310-959C-4B33-8DA7-882015EC3650}.Release|Any CPU.ActiveCfg = Release|Any CPU
		{AADD3310-959C-4B33-8DA7-882015EC3650}.Release|Any CPU.Build.0 = Release|Any CPU
		{CEB7BA3C-642F-497E-823E-C26DB76F43A2}.Debug|Any CPU.ActiveCfg = Debug|Any CPU
		{CEB7BA3C-642F-497E-823E-C26DB76F43A2}.Debug|Any CPU.Build.0 = Debug|Any CPU
		{CEB7BA3C-642F-497E-823E-C26DB76F43A2}.Release|Any CPU.ActiveCfg = Release|Any CPU
		{CEB7BA3C-642F-497E-823E-C26DB76F43A2}.Release|Any CPU.Build.0 = Release|Any CPU
		{D2CB834C-BEE5-4102-86F0-5154E16F24B7}.Debug|Any CPU.ActiveCfg = Debug|Any CPU
		{D2CB834C-BEE5-4102-86F0-5154E16F24B7}.Debug|Any CPU.Build.0 = Debug|Any CPU
		{D2CB834C-BEE5-4102-86F0-5154E16F24B7}.Release|Any CPU.ActiveCfg = Release|Any CPU
		{D2CB834C-BEE5-4102-86F0-5154E16F24B7}.Release|Any CPU.Build.0 = Release|Any CPU
		{130F2BA9-6736-41CD-A833-B05B7F9BAB74}.Debug|Any CPU.ActiveCfg = Debug|Any CPU
		{130F2BA9-6736-41CD-A833-B05B7F9BAB74}.Debug|Any CPU.Build.0 = Debug|Any CPU
		{130F2BA9-6736-41CD-A833-B05B7F9BAB74}.Release|Any CPU.ActiveCfg = Release|Any CPU
		{130F2BA9-6736-41CD-A833-B05B7F9BAB74}.Release|Any CPU.Build.0 = Release|Any CPU
		{43AD104A-D72E-4444-9F13-B76F20A99C1A}.Debug|Any CPU.ActiveCfg = Debug|Any CPU
		{43AD104A-D72E-4444-9F13-B76F20A99C1A}.Debug|Any CPU.Build.0 = Debug|Any CPU
		{43AD104A-D72E-4444-9F13-B76F20A99C1A}.Release|Any CPU.ActiveCfg = Release|Any CPU
		{43AD104A-D72E-4444-9F13-B76F20A99C1A}.Release|Any CPU.Build.0 = Release|Any CPU
		{16FEB06D-932D-4854-AD2A-4D661CE2A902}.Debug|Any CPU.ActiveCfg = Debug|Any CPU
		{16FEB06D-932D-4854-AD2A-4D661CE2A902}.Debug|Any CPU.Build.0 = Debug|Any CPU
		{16FEB06D-932D-4854-AD2A-4D661CE2A902}.Release|Any CPU.ActiveCfg = Release|Any CPU
		{16FEB06D-932D-4854-AD2A-4D661CE2A902}.Release|Any CPU.Build.0 = Release|Any CPU
		{77044295-DB46-4F2E-801D-7068B589E53B}.Debug|Any CPU.ActiveCfg = Debug|Any CPU
		{77044295-DB46-4F2E-801D-7068B589E53B}.Debug|Any CPU.Build.0 = Debug|Any CPU
		{77044295-DB46-4F2E-801D-7068B589E53B}.Release|Any CPU.ActiveCfg = Release|Any CPU
		{77044295-DB46-4F2E-801D-7068B589E53B}.Release|Any CPU.Build.0 = Release|Any CPU
		{F7383F64-619C-4F8A-B7E8-B29DF0535BEF}.Debug|Any CPU.ActiveCfg = Debug|Any CPU
		{F7383F64-619C-4F8A-B7E8-B29DF0535BEF}.Debug|Any CPU.Build.0 = Debug|Any CPU
		{F7383F64-619C-4F8A-B7E8-B29DF0535BEF}.Release|Any CPU.ActiveCfg = Release|Any CPU
		{F7383F64-619C-4F8A-B7E8-B29DF0535BEF}.Release|Any CPU.Build.0 = Release|Any CPU
		{08326D35-0B7B-48A0-9D45-5C4AAA10484B}.Debug|Any CPU.ActiveCfg = Debug|Any CPU
		{08326D35-0B7B-48A0-9D45-5C4AAA10484B}.Debug|Any CPU.Build.0 = Debug|Any CPU
		{08326D35-0B7B-48A0-9D45-5C4AAA10484B}.Release|Any CPU.ActiveCfg = Release|Any CPU
		{08326D35-0B7B-48A0-9D45-5C4AAA10484B}.Release|Any CPU.Build.0 = Release|Any CPU
		{81C97ACF-1364-4766-A00E-F202C03477D5}.Debug|Any CPU.ActiveCfg = Debug|Any CPU
		{81C97ACF-1364-4766-A00E-F202C03477D5}.Debug|Any CPU.Build.0 = Debug|Any CPU
		{81C97ACF-1364-4766-A00E-F202C03477D5}.Release|Any CPU.ActiveCfg = Release|Any CPU
		{81C97ACF-1364-4766-A00E-F202C03477D5}.Release|Any CPU.Build.0 = Release|Any CPU
		{808CDC5E-EE56-46E4-9B58-E99CAB8B7D7D}.Debug|Any CPU.ActiveCfg = Debug|Any CPU
		{808CDC5E-EE56-46E4-9B58-E99CAB8B7D7D}.Debug|Any CPU.Build.0 = Debug|Any CPU
		{808CDC5E-EE56-46E4-9B58-E99CAB8B7D7D}.Release|Any CPU.ActiveCfg = Release|Any CPU
		{808CDC5E-EE56-46E4-9B58-E99CAB8B7D7D}.Release|Any CPU.Build.0 = Release|Any CPU
		{B754F6DB-2F89-4A29-9E50-C4A179D3BBF9}.Debug|Any CPU.ActiveCfg = Debug|Any CPU
		{B754F6DB-2F89-4A29-9E50-C4A179D3BBF9}.Debug|Any CPU.Build.0 = Debug|Any CPU
		{B754F6DB-2F89-4A29-9E50-C4A179D3BBF9}.Release|Any CPU.ActiveCfg = Release|Any CPU
		{B754F6DB-2F89-4A29-9E50-C4A179D3BBF9}.Release|Any CPU.Build.0 = Release|Any CPU
		{A24D292B-E10D-4E16-A523-D155E610171E}.Debug|Any CPU.ActiveCfg = Debug|Any CPU
		{A24D292B-E10D-4E16-A523-D155E610171E}.Debug|Any CPU.Build.0 = Debug|Any CPU
		{A24D292B-E10D-4E16-A523-D155E610171E}.Release|Any CPU.ActiveCfg = Release|Any CPU
		{A24D292B-E10D-4E16-A523-D155E610171E}.Release|Any CPU.Build.0 = Release|Any CPU
		{E1C06C25-CED6-4764-9939-29AC69795F4D}.Debug|Any CPU.ActiveCfg = Debug|Any CPU
		{E1C06C25-CED6-4764-9939-29AC69795F4D}.Debug|Any CPU.Build.0 = Debug|Any CPU
		{E1C06C25-CED6-4764-9939-29AC69795F4D}.Release|Any CPU.ActiveCfg = Release|Any CPU
		{E1C06C25-CED6-4764-9939-29AC69795F4D}.Release|Any CPU.Build.0 = Release|Any CPU
		{BDD99306-99B6-4A15-8A8C-EFA83B8A09DE}.Debug|Any CPU.ActiveCfg = Debug|Any CPU
		{BDD99306-99B6-4A15-8A8C-EFA83B8A09DE}.Debug|Any CPU.Build.0 = Debug|Any CPU
		{BDD99306-99B6-4A15-8A8C-EFA83B8A09DE}.Release|Any CPU.ActiveCfg = Release|Any CPU
		{BDD99306-99B6-4A15-8A8C-EFA83B8A09DE}.Release|Any CPU.Build.0 = Release|Any CPU
		{82E6C5C2-0D72-415B-B3F3-C10B0EB5FD74}.Debug|Any CPU.ActiveCfg = Debug|Any CPU
		{82E6C5C2-0D72-415B-B3F3-C10B0EB5FD74}.Debug|Any CPU.Build.0 = Debug|Any CPU
		{82E6C5C2-0D72-415B-B3F3-C10B0EB5FD74}.Release|Any CPU.ActiveCfg = Release|Any CPU
		{82E6C5C2-0D72-415B-B3F3-C10B0EB5FD74}.Release|Any CPU.Build.0 = Release|Any CPU
		{274ED6C4-4885-4026-9474-51BF7719BEB0}.Debug|Any CPU.ActiveCfg = Debug|Any CPU
		{274ED6C4-4885-4026-9474-51BF7719BEB0}.Debug|Any CPU.Build.0 = Debug|Any CPU
		{274ED6C4-4885-4026-9474-51BF7719BEB0}.Release|Any CPU.ActiveCfg = Release|Any CPU
		{274ED6C4-4885-4026-9474-51BF7719BEB0}.Release|Any CPU.Build.0 = Release|Any CPU
		{0D296D73-0C50-48AC-A216-C8C6942DA589}.Debug|Any CPU.ActiveCfg = Debug|Any CPU
		{0D296D73-0C50-48AC-A216-C8C6942DA589}.Debug|Any CPU.Build.0 = Debug|Any CPU
		{0D296D73-0C50-48AC-A216-C8C6942DA589}.Release|Any CPU.ActiveCfg = Release|Any CPU
		{0D296D73-0C50-48AC-A216-C8C6942DA589}.Release|Any CPU.Build.0 = Release|Any CPU
	EndGlobalSection
	GlobalSection(SolutionProperties) = preSolution
		HideSolutionNode = FALSE
	EndGlobalSection
	GlobalSection(NestedProjects) = preSolution
		{8D894C72-1DAB-44C9-88FD-915F98696E7D} = {423D2101-ED0E-49E4-AFAF-2AB958BB5F5A}
		{16FEB06D-932D-4854-AD2A-4D661CE2A902} = {8D894C72-1DAB-44C9-88FD-915F98696E7D}
		{77044295-DB46-4F2E-801D-7068B589E53B} = {8D894C72-1DAB-44C9-88FD-915F98696E7D}
		{F7383F64-619C-4F8A-B7E8-B29DF0535BEF} = {8D894C72-1DAB-44C9-88FD-915F98696E7D}
		{08326D35-0B7B-48A0-9D45-5C4AAA10484B} = {8D894C72-1DAB-44C9-88FD-915F98696E7D}
		{808CDC5E-EE56-46E4-9B58-E99CAB8B7D7D} = {8D894C72-1DAB-44C9-88FD-915F98696E7D}
		{B754F6DB-2F89-4A29-9E50-C4A179D3BBF9} = {8D894C72-1DAB-44C9-88FD-915F98696E7D}
		{BDD99306-99B6-4A15-8A8C-EFA83B8A09DE} = {8D894C72-1DAB-44C9-88FD-915F98696E7D}
		{82E6C5C2-0D72-415B-B3F3-C10B0EB5FD74} = {8D894C72-1DAB-44C9-88FD-915F98696E7D}
		{274ED6C4-4885-4026-9474-51BF7719BEB0} = {8D894C72-1DAB-44C9-88FD-915F98696E7D}
	EndGlobalSection
	GlobalSection(ExtensibilityGlobals) = postSolution
		SolutionGuid = {368DD370-0A1A-49D8-AD36-650059283198}
	EndGlobalSection
EndGlobal
