Microsoft Visual Studio Solution File, Format Version 12.00
# Visual Studio Version 17
VisualStudioVersion = 17.8.0.0
MinimumVisualStudioVersion = 17.8.0.0
Project("{9A19103F-16F7-4668-BE54-9A1E7A4F7556}") = "AllUsefulInformationSearch.AppHost", "AllUsefulInformationSearch.AppHost\AllUsefulInformationSearch.AppHost.csproj", "{0B78E218-8E47-4EE8-98A9-8F3B404F6132}"
EndProject
Project("{9A19103F-16F7-4668-BE54-9A1E7A4F7556}") = "AllUsefulInformationSearch.ServiceDefaults", "AllUsefulInformationSearch.ServiceDefaults\AllUsefulInformationSearch.ServiceDefaults.csproj", "{AADD3310-959C-4B33-8DA7-882015EC3650}"
EndProject
Project("{9A19103F-16F7-4668-BE54-9A1E7A4F7556}") = "AllUsefulInformationSearch.ApiService", "AllUsefulInformationSearch.ApiService\AllUsefulInformationSearch.ApiService.csproj", "{CEB7BA3C-642F-497E-823E-C26DB76F43A2}"
EndProject
Project("{9A19103F-16F7-4668-BE54-9A1E7A4F7556}") = "AllUsefulInformationSearch.Web", "AllUsefulInformationSearch.Web\AllUsefulInformationSearch.Web.csproj", "{D2CB834C-BEE5-4102-86F0-5154E16F24B7}"
EndProject
Project("{9A19103F-16F7-4668-BE54-9A1E7A4F7556}") = "AllUsefulInformationSearch.StackOverflow", "AllUsefulInformationSearch.StackOverflow\AllUsefulInformationSearch.StackOverflow.csproj", "{8C77B2B0-D845-47E9-BFC1-FE129B839456}"
EndProject
Project("{9A19103F-16F7-4668-BE54-9A1E7A4F7556}") = "AllUsefulInformationSearch.Wikipedia", "AllUsefulInformationSearch.Wikipedia\AllUsefulInformationSearch.Wikipedia.csproj", "{F8E800D7-C812-458C-B627-2D28E76C68F3}"
EndProject
Project("{9A19103F-16F7-4668-BE54-9A1E7A4F7556}") = "AllUsefulInformationSearch.Tests.Common", "AllUsefulInformationSearch.Tests.Common\AllUsefulInformationSearch.Tests.Common.csproj", "{130F2BA9-6736-41CD-A833-B05B7F9BAB74}"
EndProject
Project("{9A19103F-16F7-4668-BE54-9A1E7A4F7556}") = "AllUsefulInformationSearch.Common", "AllUsefulInformationSearch.Common\AllUsefulInformationSearch.Common.csproj", "{43AD104A-D72E-4444-9F13-B76F20A99C1A}"
EndProject
Project("{2150E333-8FDC-42A3-9474-1A3956D46DE8}") = "InformationProviders", "InformationProviders", "{F819A30A-AF8E-4A2D-B8B3-AF5D7E863CB6}"
EndProject
Project("{2150E333-8FDC-42A3-9474-1A3956D46DE8}") = "StackOverflow", "StackOverflow", "{C06BAB2C-531E-4244-A1E2-46E50CE2E99B}"
EndProject
Project("{2150E333-8FDC-42A3-9474-1A3956D46DE8}") = "Wikipedia", "Wikipedia", "{E79C9009-E38B-4523-A616-1E076610B7F8}"
EndProject
Project("{2150E333-8FDC-42A3-9474-1A3956D46DE8}") = "Solution Items", "Solution Items", "{9956BC62-77B8-454E-9E68-B1C41A21C6DB}"
EndProject
Project("{FAE04EC0-301F-11D3-BF4B-00C04F79EFBC}") = "AllUsefulInformationSearch.StackOverflow.Tests", "AllUsefulInformationSearch.StackOverflow.Tests\AllUsefulInformationSearch.StackOverflow.Tests.csproj", "{63F78F67-F6E8-4F94-94D1-E9443793D1EF}"
EndProject
Project("{FAE04EC0-301F-11D3-BF4B-00C04F79EFBC}") = "AllUsefulInformationSearch.Wikipedia.Tests", "AllUsefulInformationSearch.Wikipedia.Tests\AllUsefulInformationSearch.Wikipedia.Tests.csproj", "{455118DB-7D58-4F71-A083-8A5B382F8238}"
EndProject
Global
	GlobalSection(SolutionConfigurationPlatforms) = preSolution
		Debug|Any CPU = Debug|Any CPU
		Release|Any CPU = Release|Any CPU
	EndGlobalSection
	GlobalSection(ProjectConfigurationPlatforms) = postSolution
		{0B78E218-8E47-4EE8-98A9-8F3B404F6132}.Debug|Any CPU.ActiveCfg = Debug|Any CPU
		{0B78E218-8E47-4EE8-98A9-8F3B404F6132}.Debug|Any CPU.Build.0 = Debug|Any CPU
		{0B78E218-8E47-4EE8-98A9-8F3B404F6132}.Release|Any CPU.ActiveCfg = Release|Any CPU
		{0B78E218-8E47-4EE8-98A9-8F3B404F6132}.Release|Any CPU.Build.0 = Release|Any CPU
		{AADD3310-959C-4B33-8DA7-882015EC3650}.Debug|Any CPU.ActiveCfg = Debug|Any CPU
		{AADD3310-959C-4B33-8DA7-882015EC3650}.Debug|Any CPU.Build.0 = Debug|Any CPU
		{AADD3310-959C-4B33-8DA7-882015EC3650}.Release|Any CPU.ActiveCfg = Release|Any CPU
		{AADD3310-959C-4B33-8DA7-882015EC3650}.Release|Any CPU.Build.0 = Release|Any CPU
		{CEB7BA3C-642F-497E-823E-C26DB76F43A2}.Debug|Any CPU.ActiveCfg = Debug|Any CPU
		{CEB7BA3C-642F-497E-823E-C26DB76F43A2}.Debug|Any CPU.Build.0 = Debug|Any CPU
		{CEB7BA3C-642F-497E-823E-C26DB76F43A2}.Release|Any CPU.ActiveCfg = Release|Any CPU
		{CEB7BA3C-642F-497E-823E-C26DB76F43A2}.Release|Any CPU.Build.0 = Release|Any CPU
		{D2CB834C-BEE5-4102-86F0-5154E16F24B7}.Debug|Any CPU.ActiveCfg = Debug|Any CPU
		{D2CB834C-BEE5-4102-86F0-5154E16F24B7}.Debug|Any CPU.Build.0 = Debug|Any CPU
		{D2CB834C-BEE5-4102-86F0-5154E16F24B7}.Release|Any CPU.ActiveCfg = Release|Any CPU
		{D2CB834C-BEE5-4102-86F0-5154E16F24B7}.Release|Any CPU.Build.0 = Release|Any CPU
		{8C77B2B0-D845-47E9-BFC1-FE129B839456}.Debug|Any CPU.ActiveCfg = Debug|Any CPU
		{8C77B2B0-D845-47E9-BFC1-FE129B839456}.Debug|Any CPU.Build.0 = Debug|Any CPU
		{8C77B2B0-D845-47E9-BFC1-FE129B839456}.Release|Any CPU.ActiveCfg = Release|Any CPU
		{8C77B2B0-D845-47E9-BFC1-FE129B839456}.Release|Any CPU.Build.0 = Release|Any CPU
		{F8E800D7-C812-458C-B627-2D28E76C68F3}.Debug|Any CPU.ActiveCfg = Debug|Any CPU
		{F8E800D7-C812-458C-B627-2D28E76C68F3}.Debug|Any CPU.Build.0 = Debug|Any CPU
		{F8E800D7-C812-458C-B627-2D28E76C68F3}.Release|Any CPU.ActiveCfg = Release|Any CPU
		{F8E800D7-C812-458C-B627-2D28E76C68F3}.Release|Any CPU.Build.0 = Release|Any CPU
		{130F2BA9-6736-41CD-A833-B05B7F9BAB74}.Debug|Any CPU.ActiveCfg = Debug|Any CPU
		{130F2BA9-6736-41CD-A833-B05B7F9BAB74}.Debug|Any CPU.Build.0 = Debug|Any CPU
		{130F2BA9-6736-41CD-A833-B05B7F9BAB74}.Release|Any CPU.ActiveCfg = Release|Any CPU
		{130F2BA9-6736-41CD-A833-B05B7F9BAB74}.Release|Any CPU.Build.0 = Release|Any CPU
		{43AD104A-D72E-4444-9F13-B76F20A99C1A}.Debug|Any CPU.ActiveCfg = Debug|Any CPU
		{43AD104A-D72E-4444-9F13-B76F20A99C1A}.Debug|Any CPU.Build.0 = Debug|Any CPU
		{43AD104A-D72E-4444-9F13-B76F20A99C1A}.Release|Any CPU.ActiveCfg = Release|Any CPU
		{43AD104A-D72E-4444-9F13-B76F20A99C1A}.Release|Any CPU.Build.0 = Release|Any CPU
		{63F78F67-F6E8-4F94-94D1-E9443793D1EF}.Debug|Any CPU.ActiveCfg = Debug|Any CPU
		{63F78F67-F6E8-4F94-94D1-E9443793D1EF}.Debug|Any CPU.Build.0 = Debug|Any CPU
		{63F78F67-F6E8-4F94-94D1-E9443793D1EF}.Release|Any CPU.ActiveCfg = Release|Any CPU
		{63F78F67-F6E8-4F94-94D1-E9443793D1EF}.Release|Any CPU.Build.0 = Release|Any CPU
		{455118DB-7D58-4F71-A083-8A5B382F8238}.Debug|Any CPU.ActiveCfg = Debug|Any CPU
		{455118DB-7D58-4F71-A083-8A5B382F8238}.Debug|Any CPU.Build.0 = Debug|Any CPU
		{455118DB-7D58-4F71-A083-8A5B382F8238}.Release|Any CPU.ActiveCfg = Release|Any CPU
		{455118DB-7D58-4F71-A083-8A5B382F8238}.Release|Any CPU.Build.0 = Release|Any CPU
	EndGlobalSection
	GlobalSection(SolutionProperties) = preSolution
		HideSolutionNode = FALSE
	EndGlobalSection
	GlobalSection(NestedProjects) = preSolution
		{8C77B2B0-D845-47E9-BFC1-FE129B839456} = {C06BAB2C-531E-4244-A1E2-46E50CE2E99B}
		{F8E800D7-C812-458C-B627-2D28E76C68F3} = {E79C9009-E38B-4523-A616-1E076610B7F8}
		{C06BAB2C-531E-4244-A1E2-46E50CE2E99B} = {F819A30A-AF8E-4A2D-B8B3-AF5D7E863CB6}
		{E79C9009-E38B-4523-A616-1E076610B7F8} = {F819A30A-AF8E-4A2D-B8B3-AF5D7E863CB6}
		{63F78F67-F6E8-4F94-94D1-E9443793D1EF} = {C06BAB2C-531E-4244-A1E2-46E50CE2E99B}
		{455118DB-7D58-4F71-A083-8A5B382F8238} = {E79C9009-E38B-4523-A616-1E076610B7F8}
	EndGlobalSection
	GlobalSection(ExtensibilityGlobals) = postSolution
		SolutionGuid = {368DD370-0A1A-49D8-AD36-650059283198}
	EndGlobalSection
EndGlobal
