Microsoft Visual Studio Solution File, Format Version 12.00
# Visual Studio Version 17
VisualStudioVersion = 17.11.34909.67
MinimumVisualStudioVersion = 10.0.40219.1
Project("{2150E333-8FDC-42A3-9474-1A3956D46DE8}") = "InformationProviders", "InformationProviders", "{F65FB2A5-DA49-DEBF-EFE4-0A62CEFFF2F8}"
EndProject
Project("{2150E333-8FDC-42A3-9474-1A3956D46DE8}") = "StackOverflow", "StackOverflow", "{FB077DF4-36A4-5066-12A8-42581CA5893E}"
	ProjectSection(SolutionItems) = preProject
		InformationProviders\StackOverflow\README.md = InformationProviders\StackOverflow\README.md
	EndProjectSection
EndProject
Project("{2150E333-8FDC-42A3-9474-1A3956D46DE8}") = "Solution Items", "Solution Items", "{089100B1-113F-4E66-888A-E83F3999EAFD}"
	ProjectSection(SolutionItems) = preProject
		.editorconfig = .editorconfig
		README.md = README.md
	EndProjectSection
EndProject
Project("{9A19103F-16F7-4668-BE54-9A1E7A4F7556}") = "Auis.ApiService", "Auis.ApiService\Auis.ApiService.csproj", "{5F86079C-A74A-6FCD-2876-CCE2B563EACA}"
EndProject
Project("{9A19103F-16F7-4668-BE54-9A1E7A4F7556}") = "Auis.AppHost", "Auis.AppHost\Auis.AppHost.csproj", "{0E745A80-4FD6-D0BA-2106-82D46D283DE7}"
EndProject
Project("{9A19103F-16F7-4668-BE54-9A1E7A4F7556}") = "Auis.Common", "Auis.Common\Auis.Common.csproj", "{9B3EB7C1-67D7-3BC7-7D3F-2DB9862341D1}"
EndProject
Project("{9A19103F-16F7-4668-BE54-9A1E7A4F7556}") = "Auis.DataAccess", "Auis.DataAccess\Auis.DataAccess.csproj", "{863ECCC6-C0B7-A961-1830-AA565582421C}"
EndProject
Project("{9A19103F-16F7-4668-BE54-9A1E7A4F7556}") = "Auis.DatabaseMigrations", "Auis.DatabaseMigrations\Auis.DatabaseMigrations.csproj", "{552638CF-A9A8-46CF-EA69-7F15BEB4BC0C}"
EndProject
Project("{9A19103F-16F7-4668-BE54-9A1E7A4F7556}") = "Auis.FileUtility", "Auis.FileUtility\Auis.FileUtility.csproj", "{D1664189-D8D0-B3B0-3F1D-23F8E500C16B}"
EndProject
Project("{9A19103F-16F7-4668-BE54-9A1E7A4F7556}") = "Auis.Models", "Auis.Models\Auis.Models.csproj", "{3B78CC56-5EAA-8D56-85E7-7B17A7769F73}"
EndProject
Project("{9A19103F-16F7-4668-BE54-9A1E7A4F7556}") = "Auis.ServiceDefaults", "Auis.ServiceDefaults\Auis.ServiceDefaults.csproj", "{4EFA6373-7A6B-9C0F-9609-078F9392D5B7}"
EndProject
Project("{9A19103F-16F7-4668-BE54-9A1E7A4F7556}") = "Auis.Tests.Common", "Auis.Tests.Common\Auis.Tests.Common.csproj", "{EE38CB89-81D0-428A-06A5-8AC2A7366DE3}"
EndProject
Project("{9A19103F-16F7-4668-BE54-9A1E7A4F7556}") = "Auis.Web", "Auis.Web\Auis.Web.csproj", "{8704A122-4265-518B-337D-99DF8FEFE87C}"
EndProject
Project("{9A19103F-16F7-4668-BE54-9A1E7A4F7556}") = "Auis.StackOverflow.App", "InformationProviders\StackOverflow\Auis.StackOverflow.App\Auis.StackOverflow.App.csproj", "{8F22DC77-9B77-A7F3-EC8D-688345712DCC}"
EndProject
Project("{9A19103F-16F7-4668-BE54-9A1E7A4F7556}") = "Auis.StackOverflow.DataAccess", "InformationProviders\StackOverflow\Auis.StackOverflow.DataAccess\Auis.StackOverflow.DataAccess.csproj", "{A20F77FF-2219-DCF6-45B2-D0A11087D010}"
EndProject
Project("{9A19103F-16F7-4668-BE54-9A1E7A4F7556}") = "Auis.StackOverflow.DatabaseMigrations", "InformationProviders\StackOverflow\Auis.StackOverflow.DatabaseMigrations\Auis.StackOverflow.DatabaseMigrations.csproj", "{FC9D4824-AEAA-432F-DB45-E391D5CFBC54}"
EndProject
Project("{9A19103F-16F7-4668-BE54-9A1E7A4F7556}") = "Auis.StackOverflow.Models", "InformationProviders\StackOverflow\Auis.StackOverflow.Models\Auis.StackOverflow.Models.csproj", "{C7CD2AD8-1A1C-65CD-7247-C21535DBE895}"
EndProject
Project("{9A19103F-16F7-4668-BE54-9A1E7A4F7556}") = "Auis.StackOverflow.BusinessLogic", "InformationProviders\StackOverflow\Auis.StackOverflow.BusinessLogic\Auis.StackOverflow.BusinessLogic.csproj", "{FB032162-9668-B09E-EC40-0EDA3CDD51D9}"
EndProject
Project("{9A19103F-16F7-4668-BE54-9A1E7A4F7556}") = "Auis.StackOverflow.Tests", "InformationProviders\StackOverflow\Auis.StackOverflow.Tests\Auis.StackOverflow.Tests.csproj", "{98A0F143-6A14-89EE-44A7-C2A3BC9F669A}"
EndProject
Project("{9A19103F-16F7-4668-BE54-9A1E7A4F7556}") = "Auis.StackOverflow.WebApi", "InformationProviders\StackOverflow\Auis.StackOverflow.WebApi\Auis.StackOverflow.WebApi.csproj", "{7FCAB826-54FA-370F-01C2-53141D6DE463}"
EndProject
Project("{9A19103F-16F7-4668-BE54-9A1E7A4F7556}") = "Auis.StackOverflow.Common", "InformationProviders\StackOverflow\Auis.StackOverflow.Common\Auis.StackOverflow.Common.csproj", "{4D80719B-411F-441D-A71C-B889F22E7356}"
EndProject
Project("{54A90642-561A-4BB1-A94E-469ADEE60C69}") = "Auis.StackOverflow.WebApp", "InformationProviders\StackOverflow\Auis.StackOverflow.WebApp\Auis.StackOverflow.WebApp.esproj", "{6DA0DB0C-C6D3-4759-9738-C3B9ED322628}"
EndProject
Project("{9A19103F-16F7-4668-BE54-9A1E7A4F7556}") = "Auis.Wikipedia.App", "InformationProviders\Wikipedia\Auis.Wikipedia.App\Auis.Wikipedia.App.csproj", "{646755A4-CA1E-4C17-A9CF-F45DB50BA1A5}"
EndProject
Project("{2150E333-8FDC-42A3-9474-1A3956D46DE8}") = "Wikipedia", "Wikipedia", "{1F939353-702E-4650-8AD8-00E57651E9BD}"
EndProject
Project("{9A19103F-16F7-4668-BE54-9A1E7A4F7556}") = "Auis.Wikipedia.BusinessLogic", "InformationProviders\Wikipedia\Auis.Wikipedia.BusinessLogic\Auis.Wikipedia.BusinessLogic.csproj", "{BC658D0E-038F-4D14-A411-BE75AAE3EA83}"
EndProject
Project("{9A19103F-16F7-4668-BE54-9A1E7A4F7556}") = "Auis.Wikipedia.Common", "InformationProviders\Wikipedia\Auis.Wikipedia.Common\Auis.Wikipedia.Common.csproj", "{78F131D1-4AD7-499C-8EFB-F2FA2679C2FB}"
EndProject
Project("{9A19103F-16F7-4668-BE54-9A1E7A4F7556}") = "Auis.Wikipedia.DataAccess", "InformationProviders\Wikipedia\Auis.Wikipedia.DataAccess\Auis.Wikipedia.DataAccess.csproj", "{9440721E-3DB6-4C7E-BE7D-E03E095D6114}"
EndProject
Project("{9A19103F-16F7-4668-BE54-9A1E7A4F7556}") = "Auis.Wikipedia.DatabaseMigrations", "InformationProviders\Wikipedia\Auis.Wikipedia.DatabaseMigrations\Auis.Wikipedia.DatabaseMigrations.csproj", "{2264F276-C0AC-4BE5-919C-A212F28ACBFB}"
EndProject
Project("{9A19103F-16F7-4668-BE54-9A1E7A4F7556}") = "Auis.Wikipedia.Models", "InformationProviders\Wikipedia\Auis.Wikipedia.Models\Auis.Wikipedia.Models.csproj", "{DFAEC16E-1C26-446F-AB6D-B0B27BE68DF9}"
EndProject
Project("{9A19103F-16F7-4668-BE54-9A1E7A4F7556}") = "Auis.Wikipedia.Tests", "InformationProviders\Wikipedia\Auis.Wikipedia.Tests\Auis.Wikipedia.Tests.csproj", "{F7AA2942-43B2-4FA3-AA26-0440464FDBCB}"
EndProject
Project("{9A19103F-16F7-4668-BE54-9A1E7A4F7556}") = "Auis.Wikipedia.WebApi", "InformationProviders\Wikipedia\Auis.Wikipedia.WebApi\Auis.Wikipedia.WebApi.csproj", "{6F37EF6A-26C0-4552-84C9-83A8166234AC}"
EndProject
Project("{54A90642-561A-4BB1-A94E-469ADEE60C69}") = "Auis.Wikipedia.WebApp", "InformationProviders\Wikipedia\Auis.Wikipedia.WebApp\Auis.Wikipedia.WebApp.esproj", "{77FF869F-5C5E-45E3-B6AB-FE059BE6CA5C}"
EndProject
Global
	GlobalSection(SolutionConfigurationPlatforms) = preSolution
		Debug|Any CPU = Debug|Any CPU
		Release|Any CPU = Release|Any CPU
	EndGlobalSection
	GlobalSection(ProjectConfigurationPlatforms) = postSolution
		{5F86079C-A74A-6FCD-2876-CCE2B563EACA}.Debug|Any CPU.ActiveCfg = Debug|Any CPU
		{5F86079C-A74A-6FCD-2876-CCE2B563EACA}.Debug|Any CPU.Build.0 = Debug|Any CPU
		{5F86079C-A74A-6FCD-2876-CCE2B563EACA}.Release|Any CPU.ActiveCfg = Release|Any CPU
		{5F86079C-A74A-6FCD-2876-CCE2B563EACA}.Release|Any CPU.Build.0 = Release|Any CPU
		{0E745A80-4FD6-D0BA-2106-82D46D283DE7}.Debug|Any CPU.ActiveCfg = Debug|Any CPU
		{0E745A80-4FD6-D0BA-2106-82D46D283DE7}.Debug|Any CPU.Build.0 = Debug|Any CPU
		{0E745A80-4FD6-D0BA-2106-82D46D283DE7}.Release|Any CPU.ActiveCfg = Release|Any CPU
		{0E745A80-4FD6-D0BA-2106-82D46D283DE7}.Release|Any CPU.Build.0 = Release|Any CPU
		{9B3EB7C1-67D7-3BC7-7D3F-2DB9862341D1}.Debug|Any CPU.ActiveCfg = Debug|Any CPU
		{9B3EB7C1-67D7-3BC7-7D3F-2DB9862341D1}.Debug|Any CPU.Build.0 = Debug|Any CPU
		{9B3EB7C1-67D7-3BC7-7D3F-2DB9862341D1}.Release|Any CPU.ActiveCfg = Release|Any CPU
		{9B3EB7C1-67D7-3BC7-7D3F-2DB9862341D1}.Release|Any CPU.Build.0 = Release|Any CPU
		{863ECCC6-C0B7-A961-1830-AA565582421C}.Debug|Any CPU.ActiveCfg = Debug|Any CPU
		{863ECCC6-C0B7-A961-1830-AA565582421C}.Debug|Any CPU.Build.0 = Debug|Any CPU
		{863ECCC6-C0B7-A961-1830-AA565582421C}.Release|Any CPU.ActiveCfg = Release|Any CPU
		{863ECCC6-C0B7-A961-1830-AA565582421C}.Release|Any CPU.Build.0 = Release|Any CPU
		{552638CF-A9A8-46CF-EA69-7F15BEB4BC0C}.Debug|Any CPU.ActiveCfg = Debug|Any CPU
		{552638CF-A9A8-46CF-EA69-7F15BEB4BC0C}.Debug|Any CPU.Build.0 = Debug|Any CPU
		{552638CF-A9A8-46CF-EA69-7F15BEB4BC0C}.Release|Any CPU.ActiveCfg = Release|Any CPU
		{552638CF-A9A8-46CF-EA69-7F15BEB4BC0C}.Release|Any CPU.Build.0 = Release|Any CPU
		{D1664189-D8D0-B3B0-3F1D-23F8E500C16B}.Debug|Any CPU.ActiveCfg = Debug|Any CPU
		{D1664189-D8D0-B3B0-3F1D-23F8E500C16B}.Debug|Any CPU.Build.0 = Debug|Any CPU
		{D1664189-D8D0-B3B0-3F1D-23F8E500C16B}.Release|Any CPU.ActiveCfg = Release|Any CPU
		{D1664189-D8D0-B3B0-3F1D-23F8E500C16B}.Release|Any CPU.Build.0 = Release|Any CPU
		{3B78CC56-5EAA-8D56-85E7-7B17A7769F73}.Debug|Any CPU.ActiveCfg = Debug|Any CPU
		{3B78CC56-5EAA-8D56-85E7-7B17A7769F73}.Debug|Any CPU.Build.0 = Debug|Any CPU
		{3B78CC56-5EAA-8D56-85E7-7B17A7769F73}.Release|Any CPU.ActiveCfg = Release|Any CPU
		{3B78CC56-5EAA-8D56-85E7-7B17A7769F73}.Release|Any CPU.Build.0 = Release|Any CPU
		{4EFA6373-7A6B-9C0F-9609-078F9392D5B7}.Debug|Any CPU.ActiveCfg = Debug|Any CPU
		{4EFA6373-7A6B-9C0F-9609-078F9392D5B7}.Debug|Any CPU.Build.0 = Debug|Any CPU
		{4EFA6373-7A6B-9C0F-9609-078F9392D5B7}.Release|Any CPU.ActiveCfg = Release|Any CPU
		{4EFA6373-7A6B-9C0F-9609-078F9392D5B7}.Release|Any CPU.Build.0 = Release|Any CPU
		{EE38CB89-81D0-428A-06A5-8AC2A7366DE3}.Debug|Any CPU.ActiveCfg = Debug|Any CPU
		{EE38CB89-81D0-428A-06A5-8AC2A7366DE3}.Debug|Any CPU.Build.0 = Debug|Any CPU
		{EE38CB89-81D0-428A-06A5-8AC2A7366DE3}.Release|Any CPU.ActiveCfg = Release|Any CPU
		{EE38CB89-81D0-428A-06A5-8AC2A7366DE3}.Release|Any CPU.Build.0 = Release|Any CPU
		{8704A122-4265-518B-337D-99DF8FEFE87C}.Debug|Any CPU.ActiveCfg = Debug|Any CPU
		{8704A122-4265-518B-337D-99DF8FEFE87C}.Debug|Any CPU.Build.0 = Debug|Any CPU
		{8704A122-4265-518B-337D-99DF8FEFE87C}.Release|Any CPU.ActiveCfg = Release|Any CPU
		{8704A122-4265-518B-337D-99DF8FEFE87C}.Release|Any CPU.Build.0 = Release|Any CPU
		{8F22DC77-9B77-A7F3-EC8D-688345712DCC}.Debug|Any CPU.ActiveCfg = Debug|Any CPU
		{8F22DC77-9B77-A7F3-EC8D-688345712DCC}.Debug|Any CPU.Build.0 = Debug|Any CPU
		{8F22DC77-9B77-A7F3-EC8D-688345712DCC}.Release|Any CPU.ActiveCfg = Release|Any CPU
		{8F22DC77-9B77-A7F3-EC8D-688345712DCC}.Release|Any CPU.Build.0 = Release|Any CPU
		{A20F77FF-2219-DCF6-45B2-D0A11087D010}.Debug|Any CPU.ActiveCfg = Debug|Any CPU
		{A20F77FF-2219-DCF6-45B2-D0A11087D010}.Debug|Any CPU.Build.0 = Debug|Any CPU
		{A20F77FF-2219-DCF6-45B2-D0A11087D010}.Release|Any CPU.ActiveCfg = Release|Any CPU
		{A20F77FF-2219-DCF6-45B2-D0A11087D010}.Release|Any CPU.Build.0 = Release|Any CPU
		{FC9D4824-AEAA-432F-DB45-E391D5CFBC54}.Debug|Any CPU.ActiveCfg = Debug|Any CPU
		{FC9D4824-AEAA-432F-DB45-E391D5CFBC54}.Debug|Any CPU.Build.0 = Debug|Any CPU
		{FC9D4824-AEAA-432F-DB45-E391D5CFBC54}.Release|Any CPU.ActiveCfg = Release|Any CPU
		{FC9D4824-AEAA-432F-DB45-E391D5CFBC54}.Release|Any CPU.Build.0 = Release|Any CPU
		{C7CD2AD8-1A1C-65CD-7247-C21535DBE895}.Debug|Any CPU.ActiveCfg = Debug|Any CPU
		{C7CD2AD8-1A1C-65CD-7247-C21535DBE895}.Debug|Any CPU.Build.0 = Debug|Any CPU
		{C7CD2AD8-1A1C-65CD-7247-C21535DBE895}.Release|Any CPU.ActiveCfg = Release|Any CPU
		{C7CD2AD8-1A1C-65CD-7247-C21535DBE895}.Release|Any CPU.Build.0 = Release|Any CPU
		{FB032162-9668-B09E-EC40-0EDA3CDD51D9}.Debug|Any CPU.ActiveCfg = Debug|Any CPU
		{FB032162-9668-B09E-EC40-0EDA3CDD51D9}.Debug|Any CPU.Build.0 = Debug|Any CPU
		{FB032162-9668-B09E-EC40-0EDA3CDD51D9}.Release|Any CPU.ActiveCfg = Release|Any CPU
		{FB032162-9668-B09E-EC40-0EDA3CDD51D9}.Release|Any CPU.Build.0 = Release|Any CPU
		{98A0F143-6A14-89EE-44A7-C2A3BC9F669A}.Debug|Any CPU.ActiveCfg = Debug|Any CPU
		{98A0F143-6A14-89EE-44A7-C2A3BC9F669A}.Debug|Any CPU.Build.0 = Debug|Any CPU
		{98A0F143-6A14-89EE-44A7-C2A3BC9F669A}.Release|Any CPU.ActiveCfg = Release|Any CPU
		{98A0F143-6A14-89EE-44A7-C2A3BC9F669A}.Release|Any CPU.Build.0 = Release|Any CPU
		{7FCAB826-54FA-370F-01C2-53141D6DE463}.Debug|Any CPU.ActiveCfg = Debug|Any CPU
		{7FCAB826-54FA-370F-01C2-53141D6DE463}.Debug|Any CPU.Build.0 = Debug|Any CPU
		{7FCAB826-54FA-370F-01C2-53141D6DE463}.Release|Any CPU.ActiveCfg = Release|Any CPU
		{7FCAB826-54FA-370F-01C2-53141D6DE463}.Release|Any CPU.Build.0 = Release|Any CPU
		{4D80719B-411F-441D-A71C-B889F22E7356}.Debug|Any CPU.ActiveCfg = Debug|Any CPU
		{4D80719B-411F-441D-A71C-B889F22E7356}.Debug|Any CPU.Build.0 = Debug|Any CPU
		{4D80719B-411F-441D-A71C-B889F22E7356}.Release|Any CPU.ActiveCfg = Release|Any CPU
		{4D80719B-411F-441D-A71C-B889F22E7356}.Release|Any CPU.Build.0 = Release|Any CPU
		{6DA0DB0C-C6D3-4759-9738-C3B9ED322628}.Debug|Any CPU.ActiveCfg = Debug|Any CPU
		{6DA0DB0C-C6D3-4759-9738-C3B9ED322628}.Debug|Any CPU.Build.0 = Debug|Any CPU
		{6DA0DB0C-C6D3-4759-9738-C3B9ED322628}.Release|Any CPU.ActiveCfg = Debug|Any CPU
		{6DA0DB0C-C6D3-4759-9738-C3B9ED322628}.Release|Any CPU.Build.0 = Debug|Any CPU
		{646755A4-CA1E-4C17-A9CF-F45DB50BA1A5}.Debug|Any CPU.ActiveCfg = Debug|Any CPU
		{646755A4-CA1E-4C17-A9CF-F45DB50BA1A5}.Debug|Any CPU.Build.0 = Debug|Any CPU
		{646755A4-CA1E-4C17-A9CF-F45DB50BA1A5}.Release|Any CPU.ActiveCfg = Release|Any CPU
		{646755A4-CA1E-4C17-A9CF-F45DB50BA1A5}.Release|Any CPU.Build.0 = Release|Any CPU
		{BC658D0E-038F-4D14-A411-BE75AAE3EA83}.Debug|Any CPU.ActiveCfg = Debug|Any CPU
		{BC658D0E-038F-4D14-A411-BE75AAE3EA83}.Debug|Any CPU.Build.0 = Debug|Any CPU
		{BC658D0E-038F-4D14-A411-BE75AAE3EA83}.Release|Any CPU.ActiveCfg = Release|Any CPU
		{BC658D0E-038F-4D14-A411-BE75AAE3EA83}.Release|Any CPU.Build.0 = Release|Any CPU
		{78F131D1-4AD7-499C-8EFB-F2FA2679C2FB}.Debug|Any CPU.ActiveCfg = Debug|Any CPU
		{78F131D1-4AD7-499C-8EFB-F2FA2679C2FB}.Debug|Any CPU.Build.0 = Debug|Any CPU
		{78F131D1-4AD7-499C-8EFB-F2FA2679C2FB}.Release|Any CPU.ActiveCfg = Release|Any CPU
		{78F131D1-4AD7-499C-8EFB-F2FA2679C2FB}.Release|Any CPU.Build.0 = Release|Any CPU
		{9440721E-3DB6-4C7E-BE7D-E03E095D6114}.Debug|Any CPU.ActiveCfg = Debug|Any CPU
		{9440721E-3DB6-4C7E-BE7D-E03E095D6114}.Debug|Any CPU.Build.0 = Debug|Any CPU
		{9440721E-3DB6-4C7E-BE7D-E03E095D6114}.Release|Any CPU.ActiveCfg = Release|Any CPU
		{9440721E-3DB6-4C7E-BE7D-E03E095D6114}.Release|Any CPU.Build.0 = Release|Any CPU
		{2264F276-C0AC-4BE5-919C-A212F28ACBFB}.Debug|Any CPU.ActiveCfg = Debug|Any CPU
		{2264F276-C0AC-4BE5-919C-A212F28ACBFB}.Debug|Any CPU.Build.0 = Debug|Any CPU
		{2264F276-C0AC-4BE5-919C-A212F28ACBFB}.Release|Any CPU.ActiveCfg = Release|Any CPU
		{2264F276-C0AC-4BE5-919C-A212F28ACBFB}.Release|Any CPU.Build.0 = Release|Any CPU
		{DFAEC16E-1C26-446F-AB6D-B0B27BE68DF9}.Debug|Any CPU.ActiveCfg = Debug|Any CPU
		{DFAEC16E-1C26-446F-AB6D-B0B27BE68DF9}.Debug|Any CPU.Build.0 = Debug|Any CPU
		{DFAEC16E-1C26-446F-AB6D-B0B27BE68DF9}.Release|Any CPU.ActiveCfg = Release|Any CPU
		{DFAEC16E-1C26-446F-AB6D-B0B27BE68DF9}.Release|Any CPU.Build.0 = Release|Any CPU
		{F7AA2942-43B2-4FA3-AA26-0440464FDBCB}.Debug|Any CPU.ActiveCfg = Debug|Any CPU
		{F7AA2942-43B2-4FA3-AA26-0440464FDBCB}.Debug|Any CPU.Build.0 = Debug|Any CPU
		{F7AA2942-43B2-4FA3-AA26-0440464FDBCB}.Release|Any CPU.ActiveCfg = Release|Any CPU
		{F7AA2942-43B2-4FA3-AA26-0440464FDBCB}.Release|Any CPU.Build.0 = Release|Any CPU
		{6F37EF6A-26C0-4552-84C9-83A8166234AC}.Debug|Any CPU.ActiveCfg = Debug|Any CPU
		{6F37EF6A-26C0-4552-84C9-83A8166234AC}.Debug|Any CPU.Build.0 = Debug|Any CPU
		{6F37EF6A-26C0-4552-84C9-83A8166234AC}.Release|Any CPU.ActiveCfg = Release|Any CPU
		{6F37EF6A-26C0-4552-84C9-83A8166234AC}.Release|Any CPU.Build.0 = Release|Any CPU
		{77FF869F-5C5E-45E3-B6AB-FE059BE6CA5C}.Debug|Any CPU.ActiveCfg = Debug|Any CPU
		{77FF869F-5C5E-45E3-B6AB-FE059BE6CA5C}.Debug|Any CPU.Build.0 = Debug|Any CPU
		{77FF869F-5C5E-45E3-B6AB-FE059BE6CA5C}.Debug|Any CPU.Deploy.0 = Debug|Any CPU
		{77FF869F-5C5E-45E3-B6AB-FE059BE6CA5C}.Release|Any CPU.ActiveCfg = Release|Any CPU
		{77FF869F-5C5E-45E3-B6AB-FE059BE6CA5C}.Release|Any CPU.Build.0 = Release|Any CPU
		{77FF869F-5C5E-45E3-B6AB-FE059BE6CA5C}.Release|Any CPU.Deploy.0 = Release|Any CPU
	EndGlobalSection
	GlobalSection(SolutionProperties) = preSolution
		HideSolutionNode = FALSE
	EndGlobalSection
	GlobalSection(NestedProjects) = preSolution
		{FB077DF4-36A4-5066-12A8-42581CA5893E} = {F65FB2A5-DA49-DEBF-EFE4-0A62CEFFF2F8}
		{8F22DC77-9B77-A7F3-EC8D-688345712DCC} = {FB077DF4-36A4-5066-12A8-42581CA5893E}
		{A20F77FF-2219-DCF6-45B2-D0A11087D010} = {FB077DF4-36A4-5066-12A8-42581CA5893E}
		{FC9D4824-AEAA-432F-DB45-E391D5CFBC54} = {FB077DF4-36A4-5066-12A8-42581CA5893E}
		{C7CD2AD8-1A1C-65CD-7247-C21535DBE895} = {FB077DF4-36A4-5066-12A8-42581CA5893E}
		{FB032162-9668-B09E-EC40-0EDA3CDD51D9} = {FB077DF4-36A4-5066-12A8-42581CA5893E}
		{98A0F143-6A14-89EE-44A7-C2A3BC9F669A} = {FB077DF4-36A4-5066-12A8-42581CA5893E}
		{7FCAB826-54FA-370F-01C2-53141D6DE463} = {FB077DF4-36A4-5066-12A8-42581CA5893E}
		{4D80719B-411F-441D-A71C-B889F22E7356} = {FB077DF4-36A4-5066-12A8-42581CA5893E}
		{6DA0DB0C-C6D3-4759-9738-C3B9ED322628} = {FB077DF4-36A4-5066-12A8-42581CA5893E}
		{646755A4-CA1E-4C17-A9CF-F45DB50BA1A5} = {1F939353-702E-4650-8AD8-00E57651E9BD}
		{1F939353-702E-4650-8AD8-00E57651E9BD} = {F65FB2A5-DA49-DEBF-EFE4-0A62CEFFF2F8}
		{BC658D0E-038F-4D14-A411-BE75AAE3EA83} = {1F939353-702E-4650-8AD8-00E57651E9BD}
		{78F131D1-4AD7-499C-8EFB-F2FA2679C2FB} = {1F939353-702E-4650-8AD8-00E57651E9BD}
		{9440721E-3DB6-4C7E-BE7D-E03E095D6114} = {1F939353-702E-4650-8AD8-00E57651E9BD}
		{2264F276-C0AC-4BE5-919C-A212F28ACBFB} = {1F939353-702E-4650-8AD8-00E57651E9BD}
		{DFAEC16E-1C26-446F-AB6D-B0B27BE68DF9} = {1F939353-702E-4650-8AD8-00E57651E9BD}
		{F7AA2942-43B2-4FA3-AA26-0440464FDBCB} = {1F939353-702E-4650-8AD8-00E57651E9BD}
		{6F37EF6A-26C0-4552-84C9-83A8166234AC} = {1F939353-702E-4650-8AD8-00E57651E9BD}
		{77FF869F-5C5E-45E3-B6AB-FE059BE6CA5C} = {1F939353-702E-4650-8AD8-00E57651E9BD}
	EndGlobalSection
	GlobalSection(ExtensibilityGlobals) = postSolution
		SolutionGuid = {853B83E0-527F-404D-9BF5-33CE06345562}
	EndGlobalSection
EndGlobal
